
Microsoft Visual Studio Solution File, Format Version 12.00
# Visual Studio Version 16
VisualStudioVersion = 16.0.31424.327
MinimumVisualStudioVersion = 10.0.40219.1
Project("{FAE04EC0-301F-11D3-BF4B-00C04F79EFBC}") = "4_02_2022_Sayi_Tahmin_Metot", "4_02_2022_Sayi_Tahmin_Metot\4_02_2022_Sayi_Tahmin_Metot.csproj", "{6314EC5D-CB73-4AB8-9D96-AB21579EFB50}"
EndProject
Global
	GlobalSection(SolutionConfigurationPlatforms) = preSolution
		Debug|Any CPU = Debug|Any CPU
		Release|Any CPU = Release|Any CPU
	EndGlobalSection
	GlobalSection(ProjectConfigurationPlatforms) = postSolution
		{6314EC5D-CB73-4AB8-9D96-AB21579EFB50}.Debug|Any CPU.ActiveCfg = Debug|Any CPU
		{6314EC5D-CB73-4AB8-9D96-AB21579EFB50}.Debug|Any CPU.Build.0 = Debug|Any CPU
		{6314EC5D-CB73-4AB8-9D96-AB21579EFB50}.Release|Any CPU.ActiveCfg = Release|Any CPU
		{6314EC5D-CB73-4AB8-9D96-AB21579EFB50}.Release|Any CPU.Build.0 = Release|Any CPU
	EndGlobalSection
	GlobalSection(SolutionProperties) = preSolution
		HideSolutionNode = FALSE
	EndGlobalSection
	GlobalSection(ExtensibilityGlobals) = postSolution
		SolutionGuid = {FDBD10A1-FA5C-4E99-9D9D-E1FA2F0E15C0}
	EndGlobalSection
EndGlobal
