
Microsoft Visual Studio Solution File, Format Version 12.00
# Visual Studio Version 16
VisualStudioVersion = 16.0.31424.327
MinimumVisualStudioVersion = 10.0.40219.1
Project("{FAE04EC0-301F-11D3-BF4B-00C04F79EFBC}") = "Proje_01_Hello_World", "Proje_01_Hello_World\Proje_01_Hello_World.csproj", "{1EF716CB-2036-45B5-8107-9C7FAA26D1D8}"
EndProject
Project("{FAE04EC0-301F-11D3-BF4B-00C04F79EFBC}") = "Proje_02", "Proje_02\Proje_02.csproj", "{CF5F5281-9E64-43B3-9B90-DD5C01730FFC}"
EndProject
Global
	GlobalSection(SolutionConfigurationPlatforms) = preSolution
		Debug|Any CPU = Debug|Any CPU
		Release|Any CPU = Release|Any CPU
	EndGlobalSection
	GlobalSection(ProjectConfigurationPlatforms) = postSolution
		{1EF716CB-2036-45B5-8107-9C7FAA26D1D8}.Debug|Any CPU.ActiveCfg = Debug|Any CPU
		{1EF716CB-2036-45B5-8107-9C7FAA26D1D8}.Debug|Any CPU.Build.0 = Debug|Any CPU
		{1EF716CB-2036-45B5-8107-9C7FAA26D1D8}.Release|Any CPU.ActiveCfg = Release|Any CPU
		{1EF716CB-2036-45B5-8107-9C7FAA26D1D8}.Release|Any CPU.Build.0 = Release|Any CPU
		{CF5F5281-9E64-43B3-9B90-DD5C01730FFC}.Debug|Any CPU.ActiveCfg = Debug|Any CPU
		{CF5F5281-9E64-43B3-9B90-DD5C01730FFC}.Debug|Any CPU.Build.0 = Debug|Any CPU
		{CF5F5281-9E64-43B3-9B90-DD5C01730FFC}.Release|Any CPU.ActiveCfg = Release|Any CPU
		{CF5F5281-9E64-43B3-9B90-DD5C01730FFC}.Release|Any CPU.Build.0 = Release|Any CPU
	EndGlobalSection
	GlobalSection(SolutionProperties) = preSolution
		HideSolutionNode = FALSE
	EndGlobalSection
	GlobalSection(ExtensibilityGlobals) = postSolution
		SolutionGuid = {7AF8EA47-BF4E-4353-99AD-2C10CEFD8423}
	EndGlobalSection
EndGlobal
