
Microsoft Visual Studio Solution File, Format Version 12.00
# Visual Studio Version 16
VisualStudioVersion = 16.0.31424.327
MinimumVisualStudioVersion = 10.0.40219.1
Project("{FAE04EC0-301F-11D3-BF4B-00C04F79EFBC}") = "Telefon_Rehberi_V1", "Telefon_Rehberi_V1\Telefon_Rehberi_V1.csproj", "{918CA77C-7751-4FC5-BD5F-DCAB4D3A4633}"
EndProject
Global
	GlobalSection(SolutionConfigurationPlatforms) = preSolution
		Debug|Any CPU = Debug|Any CPU
		Release|Any CPU = Release|Any CPU
	EndGlobalSection
	GlobalSection(ProjectConfigurationPlatforms) = postSolution
		{918CA77C-7751-4FC5-BD5F-DCAB4D3A4633}.Debug|Any CPU.ActiveCfg = Debug|Any CPU
		{918CA77C-7751-4FC5-BD5F-DCAB4D3A4633}.Debug|Any CPU.Build.0 = Debug|Any CPU
		{918CA77C-7751-4FC5-BD5F-DCAB4D3A4633}.Release|Any CPU.ActiveCfg = Release|Any CPU
		{918CA77C-7751-4FC5-BD5F-DCAB4D3A4633}.Release|Any CPU.Build.0 = Release|Any CPU
	EndGlobalSection
	GlobalSection(SolutionProperties) = preSolution
		HideSolutionNode = FALSE
	EndGlobalSection
	GlobalSection(ExtensibilityGlobals) = postSolution
		SolutionGuid = {6C06BF58-E669-4D30-8065-9E4B433CED68}
	EndGlobalSection
EndGlobal
