
Microsoft Visual Studio Solution File, Format Version 12.00
# Visual Studio Version 16
VisualStudioVersion = 16.0.31424.327
MinimumVisualStudioVersion = 10.0.40219.1
Project("{FAE04EC0-301F-11D3-BF4B-00C04F79EFBC}") = "Proje_05_Convert_Typesj", "Proje_05_Convert_Typesj\Proje_05_Convert_Typesj.csproj", "{32A73B0A-2882-4835-94F1-C8E0C0F61671}"
EndProject
Global
	GlobalSection(SolutionConfigurationPlatforms) = preSolution
		Debug|Any CPU = Debug|Any CPU
		Release|Any CPU = Release|Any CPU
	EndGlobalSection
	GlobalSection(ProjectConfigurationPlatforms) = postSolution
		{32A73B0A-2882-4835-94F1-C8E0C0F61671}.Debug|Any CPU.ActiveCfg = Debug|Any CPU
		{32A73B0A-2882-4835-94F1-C8E0C0F61671}.Debug|Any CPU.Build.0 = Debug|Any CPU
		{32A73B0A-2882-4835-94F1-C8E0C0F61671}.Release|Any CPU.ActiveCfg = Release|Any CPU
		{32A73B0A-2882-4835-94F1-C8E0C0F61671}.Release|Any CPU.Build.0 = Release|Any CPU
	EndGlobalSection
	GlobalSection(SolutionProperties) = preSolution
		HideSolutionNode = FALSE
	EndGlobalSection
	GlobalSection(ExtensibilityGlobals) = postSolution
		SolutionGuid = {D6661318-DF5D-47D3-B68F-9B9F411272E5}
	EndGlobalSection
EndGlobal
